# This file is automatically @generated by Cargo.
# It is not intended for manual editing.
[[package]]
name = "chess5dtools"
version = "0.1.2"
dependencies = [
 "json",
 "lazy_static",
 "permute",
 "scoped_threadpool",
]

[[package]]
name = "json"
version = "0.12.4"
source = "registry+https://github.com/rust-lang/crates.io-index"
checksum = "078e285eafdfb6c4b434e0d31e8cfcb5115b651496faca5749b88fafd4f23bfd"

[[package]]
name = "lazy_static"
version = "1.4.0"
source = "registry+https://github.com/rust-lang/crates.io-index"
checksum = "e2abad23fbc42b3700f2f279844dc832adb2b2eb069b2df918f455c4e18cc646"

[[package]]
name = "permute"
version = "0.1.0"
source = "registry+https://github.com/rust-lang/crates.io-index"
checksum = "add5cf6a6a9e572d398fc2e73500305c18b6eb66c46cc730ee3737025a4e9209"

[[package]]
name = "scoped_threadpool"
version = "0.1.9"
source = "registry+https://github.com/rust-lang/crates.io-index"
checksum = "1d51f5df5af43ab3f1360b429fa5e0152ac5ce8c0bd6485cae490332e96846a8"
