{
    "name": "5dchess-tools-db",
    "version": "0.2.0",
    "lockfileVersion": 2,
    "requires": true,
    "packages": {
        "": {
            "name": "5dchess-tools-db",
            "version": "0.2.0",
            "dependencies": {
                "5d-chess-js": "^1.0.27"
            }
        },
        "node_modules/5d-chess-js": {
            "version": "1.0.27",
            "resolved": "https://registry.npmjs.org/5d-chess-js/-/5d-chess-js-1.0.27.tgz",
            "integrity": "sha512-Sp3x1rppxBlwu6Q/Oh9F8ln/L54vCmmYj1KEXjU7ijTuulvIa+DSr4ccmEsZVcvLsy4A3nYD54hyeGpDywpJIA==",
            "dependencies": {
                "blueimp-md5": "^2.18.0",
                "module-alias": "^2.2.2",
                "present": "^1.0.0"
            }
        },
        "node_modules/blueimp-md5": {
            "version": "2.18.0",
            "resolved": "https://registry.npmjs.org/blueimp-md5/-/blueimp-md5-2.18.0.tgz",
            "integrity": "sha512-vE52okJvzsVWhcgUHOv+69OG3Mdg151xyn41aVQN/5W5S+S43qZhxECtYLAEHMSFWX6Mv5IZrzj3T5+JqXfj5Q=="
        },
        "node_modules/module-alias": {
            "version": "2.2.2",
            "resolved": "https://registry.npmjs.org/module-alias/-/module-alias-2.2.2.tgz",
            "integrity": "sha512-A/78XjoX2EmNvppVWEhM2oGk3x4lLxnkEA4jTbaK97QKSDjkIoOsKQlfylt/d3kKKi596Qy3NP5XrXJ6fZIC9Q=="
        },
        "node_modules/present": {
            "version": "1.0.0",
            "resolved": "https://registry.npmjs.org/present/-/present-1.0.0.tgz",
            "integrity": "sha1-bS+GW+epaIURj0Zg6D4hYftxzys="
        }
    },
    "dependencies": {
        "5d-chess-js": {
            "version": "1.0.27",
            "resolved": "https://registry.npmjs.org/5d-chess-js/-/5d-chess-js-1.0.27.tgz",
            "integrity": "sha512-Sp3x1rppxBlwu6Q/Oh9F8ln/L54vCmmYj1KEXjU7ijTuulvIa+DSr4ccmEsZVcvLsy4A3nYD54hyeGpDywpJIA==",
            "requires": {
                "blueimp-md5": "^2.18.0",
                "module-alias": "^2.2.2",
                "present": "^1.0.0"
            }
        },
        "blueimp-md5": {
            "version": "2.18.0",
            "resolved": "https://registry.npmjs.org/blueimp-md5/-/blueimp-md5-2.18.0.tgz",
            "integrity": "sha512-vE52okJvzsVWhcgUHOv+69OG3Mdg151xyn41aVQN/5W5S+S43qZhxECtYLAEHMSFWX6Mv5IZrzj3T5+JqXfj5Q=="
        },
        "module-alias": {
            "version": "2.2.2",
            "resolved": "https://registry.npmjs.org/module-alias/-/module-alias-2.2.2.tgz",
            "integrity": "sha512-A/78XjoX2EmNvppVWEhM2oGk3x4lLxnkEA4jTbaK97QKSDjkIoOsKQlfylt/d3kKKi596Qy3NP5XrXJ6fZIC9Q=="
        },
        "present": {
            "version": "1.0.0",
            "resolved": "https://registry.npmjs.org/present/-/present-1.0.0.tgz",
            "integrity": "sha1-bS+GW+epaIURj0Zg6D4hYftxzys="
        }
    }
}
